// !$*UTF8*$!
{
	archiveVersion = 1;
	classes = {
	};
	objectVersion = 56;
	objects = {

/* Begin PBXBuildFile section */
		020935582C5E61C700D2AA47 /* SDLRender.cpp in Sources */ = {isa = PBXBuildFile; fileRef = 020935562C5E61C700D2AA47 /* SDLRender.cpp */; };
		0231CA9B2C42F134002E3BAC /* RenderSystem.cpp in Sources */ = {isa = PBXBuildFile; fileRef = 0231CA992C42F134002E3BAC /* RenderSystem.cpp */; };
		026A84E52D2AC1E2009311A5 /* JsonLoader.cpp in Sources */ = {isa = PBXBuildFile; fileRef = 026A84E12D2AC1E2009311A5 /* JsonLoader.cpp */; };
		026A84E62D2AC1E2009311A5 /* ResourceManager.cpp in Sources */ = {isa = PBXBuildFile; fileRef = 026A84E22D2AC1E2009311A5 /* ResourceManager.cpp */; };
		026A84EA2D2AC369009311A5 /* GetPath.cpp in Sources */ = {isa = PBXBuildFile; fileRef = 026A84E82D2AC369009311A5 /* GetPath.cpp */; };
		02AC90BF2D2AE12A00B75A8C /* CoreFoundation.framework in Frameworks */ = {isa = PBXBuildFile; fileRef = 02AC90BE2D2AE12A00B75A8C /* CoreFoundation.framework */; };
		02BE0A292D2AE46A00FA0AC4 /* libz.tbd in Frameworks */ = {isa = PBXBuildFile; fileRef = 02AC90BC2D2AE0D800B75A8C /* libz.tbd */; };
		02BE0A3A2D2AE71200FA0AC4 /* resources in Resources */ = {isa = PBXBuildFile; fileRef = 02BE0A392D2AE71200FA0AC4 /* resources */; };
		02BE0A3B2D2AE73300FA0AC4 /* Assets.xcassets in Resources */ = {isa = PBXBuildFile; fileRef = 02BFA8F22BD840980074A6D4 /* Assets.xcassets */; };
		02BE0A402D2EA5A500FA0AC4 /* ISystem.cpp in Sources */ = {isa = PBXBuildFile; fileRef = 02BE0A3E2D2EA5A500FA0AC4 /* ISystem.cpp */; };
		02BE0A442D2EFB9E00FA0AC4 /* SystemFactory.cpp in Sources */ = {isa = PBXBuildFile; fileRef = 02BE0A422D2EFB9E00FA0AC4 /* SystemFactory.cpp */; };
		02D24A712BD84125008E7DCF /* View.cpp in Sources */ = {isa = PBXBuildFile; fileRef = 02D24A502BD84124008E7DCF /* View.cpp */; };
		02D24A722BD84125008E7DCF /* Game.cpp in Sources */ = {isa = PBXBuildFile; fileRef = 02D24A512BD84124008E7DCF /* Game.cpp */; };
		02D24A732BD84125008E7DCF /* main.cpp in Sources */ = {isa = PBXBuildFile; fileRef = 02D24A522BD84124008E7DCF /* main.cpp */; };
		02D24A742BD84125008E7DCF /* Input.cpp in Sources */ = {isa = PBXBuildFile; fileRef = 02D24A552BD84124008E7DCF /* Input.cpp */; };
		02D24A752BD84125008E7DCF /* FrameRate.cpp in Sources */ = {isa = PBXBuildFile; fileRef = 02D24A572BD84124008E7DCF /* FrameRate.cpp */; };
		02D24A762BD84125008E7DCF /* Pet.cpp in Sources */ = {isa = PBXBuildFile; fileRef = 02D24A5A2BD84124008E7DCF /* Pet.cpp */; };
		02D24A772BD84125008E7DCF /* Scene.cpp in Sources */ = {isa = PBXBuildFile; fileRef = 02D24A5C2BD84124008E7DCF /* Scene.cpp */; };
		02D24A7B2BD84125008E7DCF /* RequestList.cpp in Sources */ = {isa = PBXBuildFile; fileRef = 02D24A642BD84124008E7DCF /* RequestList.cpp */; };
		02D24A7C2BD84125008E7DCF /* Schedule.cpp in Sources */ = {isa = PBXBuildFile; fileRef = 02D24A662BD84124008E7DCF /* Schedule.cpp */; };
		02D24A7D2BD84125008E7DCF /* SceneManager.cpp in Sources */ = {isa = PBXBuildFile; fileRef = 02D24A682BD84124008E7DCF /* SceneManager.cpp */; };
		02D24A7E2BD84125008E7DCF /* Timer.cpp in Sources */ = {isa = PBXBuildFile; fileRef = 02D24A6B2BD84124008E7DCF /* Timer.cpp */; };
		02D24A982BEAC801008E7DCF /* SDLWindow.cpp in Sources */ = {isa = PBXBuildFile; fileRef = 02D24A972BEAC7AB008E7DCF /* SDLWindow.cpp */; };
		02FBB8FA2C28A98B00DA2ED3 /* SDL2.framework in Frameworks */ = {isa = PBXBuildFile; fileRef = 02D24A832BD841D9008E7DCF /* SDL2.framework */; };
		02FBB8FB2C28A98B00DA2ED3 /* SDL2.framework in Embed Frameworks */ = {isa = PBXBuildFile; fileRef = 02D24A832BD841D9008E7DCF /* SDL2.framework */; settings = {ATTRIBUTES = (CodeSignOnCopy, RemoveHeadersOnCopy, ); }; };
		02FBB8FD2C28AA6B00DA2ED3 /* SDL2_ttf.framework in Frameworks */ = {isa = PBXBuildFile; fileRef = 02D24A842BD841D9008E7DCF /* SDL2_ttf.framework */; };
		02FBB8FE2C28AA6B00DA2ED3 /* SDL2_ttf.framework in Embed Frameworks */ = {isa = PBXBuildFile; fileRef = 02D24A842BD841D9008E7DCF /* SDL2_ttf.framework */; settings = {ATTRIBUTES = (CodeSignOnCopy, RemoveHeadersOnCopy, ); }; };
/* End PBXBuildFile section */

/* Begin PBXCopyFilesBuildPhase section */
		02FBB8FC2C28A98C00DA2ED3 /* Embed Frameworks */ = {
			isa = PBXCopyFilesBuildPhase;
			buildActionMask = 2147483647;
			dstPath = "";
			dstSubfolderSpec = 10;
			files = (
				02FBB8FE2C28AA6B00DA2ED3 /* SDL2_ttf.framework in Embed Frameworks */,
				02FBB8FB2C28A98B00DA2ED3 /* SDL2.framework in Embed Frameworks */,
			);
			name = "Embed Frameworks";
			runOnlyForDeploymentPostprocessing = 0;
		};
/* End PBXCopyFilesBuildPhase section */

/* Begin PBXFileReference section */
		020935562C5E61C700D2AA47 /* SDLRender.cpp */ = {isa = PBXFileReference; lastKnownFileType = sourcecode.cpp.cpp; path = SDLRender.cpp; sourceTree = "<group>"; };
		020935572C5E61C700D2AA47 /* SDLRender.hpp */ = {isa = PBXFileReference; lastKnownFileType = sourcecode.cpp.h; path = SDLRender.hpp; sourceTree = "<group>"; };
		0231CA992C42F134002E3BAC /* RenderSystem.cpp */ = {isa = PBXFileReference; lastKnownFileType = sourcecode.cpp.cpp; path = RenderSystem.cpp; sourceTree = "<group>"; };
		0231CA9A2C42F134002E3BAC /* RenderSystem.hpp */ = {isa = PBXFileReference; lastKnownFileType = sourcecode.cpp.h; path = RenderSystem.hpp; sourceTree = "<group>"; };
		026A84E12D2AC1E2009311A5 /* JsonLoader.cpp */ = {isa = PBXFileReference; fileEncoding = 4; lastKnownFileType = sourcecode.cpp.cpp; path = JsonLoader.cpp; sourceTree = "<group>"; };
		026A84E22D2AC1E2009311A5 /* ResourceManager.cpp */ = {isa = PBXFileReference; fileEncoding = 4; lastKnownFileType = sourcecode.cpp.cpp; path = ResourceManager.cpp; sourceTree = "<group>"; };
		026A84E32D2AC1E2009311A5 /* ResourceManager.hpp */ = {isa = PBXFileReference; fileEncoding = 4; lastKnownFileType = sourcecode.cpp.h; path = ResourceManager.hpp; sourceTree = "<group>"; };
		026A84E42D2AC1E2009311A5 /* JsonLoader.hpp */ = {isa = PBXFileReference; fileEncoding = 4; lastKnownFileType = sourcecode.cpp.h; path = JsonLoader.hpp; sourceTree = "<group>"; };
		026A84E72D2AC369009311A5 /* json.hpp */ = {isa = PBXFileReference; fileEncoding = 4; lastKnownFileType = sourcecode.cpp.h; path = json.hpp; sourceTree = "<group>"; };
		026A84E82D2AC369009311A5 /* GetPath.cpp */ = {isa = PBXFileReference; fileEncoding = 4; lastKnownFileType = sourcecode.cpp.cpp; path = GetPath.cpp; sourceTree = "<group>"; };
		026A84E92D2AC369009311A5 /* GetPath.hpp */ = {isa = PBXFileReference; fileEncoding = 4; lastKnownFileType = sourcecode.cpp.h; path = GetPath.hpp; sourceTree = "<group>"; };
		02A2C9952D285358007D9DB2 /* Logging.hpp */ = {isa = PBXFileReference; lastKnownFileType = sourcecode.cpp.h; path = Logging.hpp; sourceTree = "<group>"; };
		02AC90BC2D2AE0D800B75A8C /* libz.tbd */ = {isa = PBXFileReference; lastKnownFileType = "sourcecode.text-based-dylib-definition"; name = libz.tbd; path = usr/lib/libz.tbd; sourceTree = SDKROOT; };
		02AC90BE2D2AE12A00B75A8C /* CoreFoundation.framework */ = {isa = PBXFileReference; lastKnownFileType = wrapper.framework; name = CoreFoundation.framework; path = System/Library/Frameworks/CoreFoundation.framework; sourceTree = SDKROOT; };
		02B584EE2C5E653D00B86454 /* IRender.h */ = {isa = PBXFileReference; fileEncoding = 4; lastKnownFileType = sourcecode.c.h; path = IRender.h; sourceTree = "<group>"; };
		02B584F12C5EC3AB00B86454 /* Texture.h */ = {isa = PBXFileReference; lastKnownFileType = sourcecode.c.h; path = Texture.h; sourceTree = "<group>"; };
		02BE0A392D2AE71200FA0AC4 /* resources */ = {isa = PBXFileReference; lastKnownFileType = folder; path = resources; sourceTree = "<group>"; };
		02BE0A3E2D2EA5A500FA0AC4 /* ISystem.cpp */ = {isa = PBXFileReference; lastKnownFileType = sourcecode.cpp.cpp; path = ISystem.cpp; sourceTree = "<group>"; };
		02BE0A3F2D2EA5A500FA0AC4 /* ISystem.hpp */ = {isa = PBXFileReference; lastKnownFileType = sourcecode.cpp.h; path = ISystem.hpp; sourceTree = "<group>"; };
		02BE0A412D2EB48C00FA0AC4 /* FactoryMethod.hpp */ = {isa = PBXFileReference; fileEncoding = 4; lastKnownFileType = sourcecode.cpp.h; path = FactoryMethod.hpp; sourceTree = "<group>"; };
		02BE0A422D2EFB9E00FA0AC4 /* SystemFactory.cpp */ = {isa = PBXFileReference; lastKnownFileType = sourcecode.cpp.cpp; path = SystemFactory.cpp; sourceTree = "<group>"; };
		02BE0A432D2EFB9E00FA0AC4 /* SystemFactory.hpp */ = {isa = PBXFileReference; lastKnownFileType = sourcecode.cpp.h; path = SystemFactory.hpp; sourceTree = "<group>"; };
		02BFA8EC2BD840970074A6D4 /* EPet.app */ = {isa = PBXFileReference; explicitFileType = wrapper.application; includeInIndex = 0; path = EPet.app; sourceTree = BUILT_PRODUCTS_DIR; };
		02BFA8F22BD840980074A6D4 /* Assets.xcassets */ = {isa = PBXFileReference; lastKnownFileType = folder.assetcatalog; path = Assets.xcassets; sourceTree = "<group>"; };
		02BFA8F92BD840980074A6D4 /* EPet.entitlements */ = {isa = PBXFileReference; lastKnownFileType = text.plist.entitlements; path = EPet.entitlements; sourceTree = "<group>"; };
		02C0154A2D06251D005113A9 /* registry.hpp */ = {isa = PBXFileReference; fileEncoding = 4; lastKnownFileType = sourcecode.cpp.h; name = registry.hpp; path = src/entt/src/entt/entity/registry.hpp; sourceTree = "<group>"; };
		02D24A502BD84124008E7DCF /* View.cpp */ = {isa = PBXFileReference; fileEncoding = 4; lastKnownFileType = sourcecode.cpp.cpp; name = View.cpp; path = src/View.cpp; sourceTree = "<group>"; };
		02D24A512BD84124008E7DCF /* Game.cpp */ = {isa = PBXFileReference; fileEncoding = 4; lastKnownFileType = sourcecode.cpp.cpp; name = Game.cpp; path = src/Game.cpp; sourceTree = "<group>"; };
		02D24A522BD84124008E7DCF /* main.cpp */ = {isa = PBXFileReference; fileEncoding = 4; lastKnownFileType = sourcecode.cpp.cpp; name = main.cpp; path = src/main.cpp; sourceTree = "<group>"; };
		02D24A532BD84124008E7DCF /* Game.hpp */ = {isa = PBXFileReference; fileEncoding = 4; lastKnownFileType = sourcecode.cpp.h; name = Game.hpp; path = src/Game.hpp; sourceTree = "<group>"; };
		02D24A552BD84124008E7DCF /* Input.cpp */ = {isa = PBXFileReference; fileEncoding = 4; lastKnownFileType = sourcecode.cpp.cpp; path = Input.cpp; sourceTree = "<group>"; };
		02D24A562BD84124008E7DCF /* FrameRate.hpp */ = {isa = PBXFileReference; fileEncoding = 4; lastKnownFileType = sourcecode.cpp.h; path = FrameRate.hpp; sourceTree = "<group>"; };
		02D24A572BD84124008E7DCF /* FrameRate.cpp */ = {isa = PBXFileReference; fileEncoding = 4; lastKnownFileType = sourcecode.cpp.cpp; path = FrameRate.cpp; sourceTree = "<group>"; };
		02D24A582BD84124008E7DCF /* Input.hpp */ = {isa = PBXFileReference; fileEncoding = 4; lastKnownFileType = sourcecode.cpp.h; path = Input.hpp; sourceTree = "<group>"; };
		02D24A5A2BD84124008E7DCF /* Pet.cpp */ = {isa = PBXFileReference; fileEncoding = 4; lastKnownFileType = sourcecode.cpp.cpp; path = Pet.cpp; sourceTree = "<group>"; };
		02D24A5C2BD84124008E7DCF /* Scene.cpp */ = {isa = PBXFileReference; fileEncoding = 4; lastKnownFileType = sourcecode.cpp.cpp; path = Scene.cpp; sourceTree = "<group>"; };
		02D24A632BD84124008E7DCF /* Scene.hpp */ = {isa = PBXFileReference; fileEncoding = 4; lastKnownFileType = sourcecode.cpp.h; path = Scene.hpp; sourceTree = "<group>"; };
		02D24A642BD84124008E7DCF /* RequestList.cpp */ = {isa = PBXFileReference; fileEncoding = 4; lastKnownFileType = sourcecode.cpp.cpp; path = RequestList.cpp; sourceTree = "<group>"; };
		02D24A652BD84124008E7DCF /* SceneManager.hpp */ = {isa = PBXFileReference; fileEncoding = 4; lastKnownFileType = sourcecode.cpp.h; path = SceneManager.hpp; sourceTree = "<group>"; };
		02D24A662BD84124008E7DCF /* Schedule.cpp */ = {isa = PBXFileReference; fileEncoding = 4; lastKnownFileType = sourcecode.cpp.cpp; path = Schedule.cpp; sourceTree = "<group>"; };
		02D24A672BD84124008E7DCF /* RequestList.hpp */ = {isa = PBXFileReference; fileEncoding = 4; lastKnownFileType = sourcecode.cpp.h; path = RequestList.hpp; sourceTree = "<group>"; };
		02D24A682BD84124008E7DCF /* SceneManager.cpp */ = {isa = PBXFileReference; fileEncoding = 4; lastKnownFileType = sourcecode.cpp.cpp; path = SceneManager.cpp; sourceTree = "<group>"; };
		02D24A692BD84124008E7DCF /* Schedule.hpp */ = {isa = PBXFileReference; fileEncoding = 4; lastKnownFileType = sourcecode.cpp.h; path = Schedule.hpp; sourceTree = "<group>"; };
		02D24A6A2BD84124008E7DCF /* Pet.hpp */ = {isa = PBXFileReference; fileEncoding = 4; lastKnownFileType = sourcecode.cpp.h; path = Pet.hpp; sourceTree = "<group>"; };
		02D24A6B2BD84124008E7DCF /* Timer.cpp */ = {isa = PBXFileReference; fileEncoding = 4; lastKnownFileType = sourcecode.cpp.cpp; name = Timer.cpp; path = src/Timer.cpp; sourceTree = "<group>"; };
		02D24A6C2BD84124008E7DCF /* View.hpp */ = {isa = PBXFileReference; fileEncoding = 4; lastKnownFileType = sourcecode.cpp.h; name = View.hpp; path = src/View.hpp; sourceTree = "<group>"; };
		02D24A6E2BD84125008E7DCF /* Subscription.hpp */ = {isa = PBXFileReference; fileEncoding = 4; lastKnownFileType = sourcecode.cpp.h; path = Subscription.hpp; sourceTree = "<group>"; };
		02D24A6F2BD84125008E7DCF /* Singleton.hpp */ = {isa = PBXFileReference; fileEncoding = 4; lastKnownFileType = sourcecode.cpp.h; path = Singleton.hpp; sourceTree = "<group>"; };
		02D24A702BD84125008E7DCF /* Timer.hpp */ = {isa = PBXFileReference; fileEncoding = 4; lastKnownFileType = sourcecode.cpp.h; name = Timer.hpp; path = src/Timer.hpp; sourceTree = "<group>"; };
		02D24A832BD841D9008E7DCF /* SDL2.framework */ = {isa = PBXFileReference; lastKnownFileType = wrapper.framework; name = SDL2.framework; path = ../../../../Library/Frameworks/SDL2.framework; sourceTree = "<group>"; };
		02D24A842BD841D9008E7DCF /* SDL2_ttf.framework */ = {isa = PBXFileReference; lastKnownFileType = wrapper.framework; name = SDL2_ttf.framework; path = ../../../../Library/Frameworks/SDL2_ttf.framework; sourceTree = "<group>"; };
		02D24A8C2BE556E6008E7DCF /* IWindow.h */ = {isa = PBXFileReference; fileEncoding = 4; lastKnownFileType = sourcecode.c.h; path = IWindow.h; sourceTree = "<group>"; };
		02D24A942BE5613B008E7DCF /* InputEvents.h */ = {isa = PBXFileReference; lastKnownFileType = sourcecode.c.h; path = InputEvents.h; sourceTree = "<group>"; };
		02D24A952BE9513C008E7DCF /* SDLInputKeys.h */ = {isa = PBXFileReference; lastKnownFileType = sourcecode.c.h; path = SDLInputKeys.h; sourceTree = "<group>"; };
		02D24A972BEAC7AB008E7DCF /* SDLWindow.cpp */ = {isa = PBXFileReference; lastKnownFileType = sourcecode.cpp.cpp; path = SDLWindow.cpp; sourceTree = "<group>"; };
		02D24A992BEACA21008E7DCF /* SDLWindow.h */ = {isa = PBXFileReference; fileEncoding = 4; lastKnownFileType = sourcecode.c.h; path = SDLWindow.h; sourceTree = "<group>"; };
		02D24A9A2BEBFB05008E7DCF /* EngineSettings.h */ = {isa = PBXFileReference; lastKnownFileType = sourcecode.c.h; path = EngineSettings.h; sourceTree = "<group>"; };
/* End PBXFileReference section */

/* Begin PBXFrameworksBuildPhase section */
		02BFA8E92BD840970074A6D4 /* Frameworks */ = {
			isa = PBXFrameworksBuildPhase;
			buildActionMask = 2147483647;
			files = (
				02AC90BF2D2AE12A00B75A8C /* CoreFoundation.framework in Frameworks */,
				02BE0A292D2AE46A00FA0AC4 /* libz.tbd in Frameworks */,
				02FBB8FD2C28AA6B00DA2ED3 /* SDL2_ttf.framework in Frameworks */,
				02FBB8FA2C28A98B00DA2ED3 /* SDL2.framework in Frameworks */,
			);
			runOnlyForDeploymentPostprocessing = 0;
		};
/* End PBXFrameworksBuildPhase section */

/* Begin PBXGroup section */
		020935512C5E54DA00D2AA47 /* systems */ = {
			isa = PBXGroup;
			children = (
				02B584EE2C5E653D00B86454 /* IRender.h */,
			);
			path = systems;
			sourceTree = "<group>";
		};
		0231CA982C42F111002E3BAC /* render */ = {
			isa = PBXGroup;
			children = (
				0231CA992C42F134002E3BAC /* RenderSystem.cpp */,
				0231CA9A2C42F134002E3BAC /* RenderSystem.hpp */,
			);
			path = render;
			sourceTree = "<group>";
		};
		026A84E02D2ABE67009311A5 /* scene */ = {
			isa = PBXGroup;
			children = (
				02D24A682BD84124008E7DCF /* SceneManager.cpp */,
				02D24A652BD84124008E7DCF /* SceneManager.hpp */,
				02D24A632BD84124008E7DCF /* Scene.hpp */,
				02D24A5C2BD84124008E7DCF /* Scene.cpp */,
			);
			name = scene;
			sourceTree = "<group>";
		};
		02A2C9922D28512A007D9DB2 /* Old */ = {
			isa = PBXGroup;
			children = (
			);
			path = Old;
			sourceTree = "<group>";
		};
		02A2C9932D285346007D9DB2 /* utils */ = {
			isa = PBXGroup;
			children = (
				026A84E82D2AC369009311A5 /* GetPath.cpp */,
				026A84E92D2AC369009311A5 /* GetPath.hpp */,
				026A84E72D2AC369009311A5 /* json.hpp */,
				02A2C9952D285358007D9DB2 /* Logging.hpp */,
			);
			path = utils;
			sourceTree = "<group>";
		};
		02B584F02C5EC38F00B86454 /* resources */ = {
			isa = PBXGroup;
			children = (
				02B584F12C5EC3AB00B86454 /* Texture.h */,
			);
			path = resources;
			sourceTree = "<group>";
		};
		02BE0A3C2D2EA55900FA0AC4 /* ecs */ = {
			isa = PBXGroup;
			children = (
				02BE0A3D2D2EA57800FA0AC4 /* systems */,
			);
			path = ecs;
			sourceTree = "<group>";
		};
		02BE0A3D2D2EA57800FA0AC4 /* systems */ = {
			isa = PBXGroup;
			children = (
				02BE0A422D2EFB9E00FA0AC4 /* SystemFactory.cpp */,
				02BE0A432D2EFB9E00FA0AC4 /* SystemFactory.hpp */,
				02BE0A3E2D2EA5A500FA0AC4 /* ISystem.cpp */,
				02BE0A3F2D2EA5A500FA0AC4 /* ISystem.hpp */,
			);
			path = systems;
			sourceTree = "<group>";
		};
		02BFA8E32BD840970074A6D4 = {
			isa = PBXGroup;
			children = (
				02A2C9932D285346007D9DB2 /* utils */,
				02A2C9922D28512A007D9DB2 /* Old */,
				02C0154A2D06251D005113A9 /* registry.hpp */,
				02D24A6D2BD84125008E7DCF /* patterns */,
				02D24A9B2BEBFB24008E7DCF /* engine */,
				02D24A9A2BEBFB05008E7DCF /* EngineSettings.h */,
				02D24A592BD84124008E7DCF /* hamstergotchi_core */,
				02D24A512BD84124008E7DCF /* Game.cpp */,
				02D24A532BD84124008E7DCF /* Game.hpp */,
				02D24A522BD84124008E7DCF /* main.cpp */,
				02D24A6B2BD84124008E7DCF /* Timer.cpp */,
				02D24A702BD84125008E7DCF /* Timer.hpp */,
				02D24A502BD84124008E7DCF /* View.cpp */,
				02D24A6C2BD84124008E7DCF /* View.hpp */,
				02BFA8EE2BD840970074A6D4 /* EPet */,
				02BFA8ED2BD840970074A6D4 /* Products */,
				02D24A822BD841D9008E7DCF /* Frameworks */,
				02BE0A392D2AE71200FA0AC4 /* resources */,
			);
			sourceTree = "<group>";
		};
		02BFA8ED2BD840970074A6D4 /* Products */ = {
			isa = PBXGroup;
			children = (
				02BFA8EC2BD840970074A6D4 /* EPet.app */,
			);
			name = Products;
			sourceTree = "<group>";
		};
		02BFA8EE2BD840970074A6D4 /* EPet */ = {
			isa = PBXGroup;
			children = (
				02BFA8F22BD840980074A6D4 /* Assets.xcassets */,
				02BFA8F92BD840980074A6D4 /* EPet.entitlements */,
			);
			path = EPet;
			sourceTree = "<group>";
		};
		02D24A592BD84124008E7DCF /* hamstergotchi_core */ = {
			isa = PBXGroup;
			children = (
				02D24A5A2BD84124008E7DCF /* Pet.cpp */,
				02D24A642BD84124008E7DCF /* RequestList.cpp */,
				02D24A662BD84124008E7DCF /* Schedule.cpp */,
				02D24A672BD84124008E7DCF /* RequestList.hpp */,
				02D24A692BD84124008E7DCF /* Schedule.hpp */,
				02D24A6A2BD84124008E7DCF /* Pet.hpp */,
			);
			name = hamstergotchi_core;
			path = src/hamstergotchi_core;
			sourceTree = "<group>";
		};
		02D24A6D2BD84125008E7DCF /* patterns */ = {
			isa = PBXGroup;
			children = (
				02BE0A412D2EB48C00FA0AC4 /* FactoryMethod.hpp */,
				02D24A6E2BD84125008E7DCF /* Subscription.hpp */,
				02D24A6F2BD84125008E7DCF /* Singleton.hpp */,
			);
			name = patterns;
			path = src/patterns;
			sourceTree = "<group>";
		};
		02D24A822BD841D9008E7DCF /* Frameworks */ = {
			isa = PBXGroup;
			children = (
				02AC90BE2D2AE12A00B75A8C /* CoreFoundation.framework */,
				02AC90BC2D2AE0D800B75A8C /* libz.tbd */,
				02D24A842BD841D9008E7DCF /* SDL2_ttf.framework */,
				02D24A832BD841D9008E7DCF /* SDL2.framework */,
			);
			name = Frameworks;
			sourceTree = "<group>";
		};
		02D24A8D2BE56001008E7DCF /* window */ = {
			isa = PBXGroup;
			children = (
				02D24A8C2BE556E6008E7DCF /* IWindow.h */,
			);
			path = window;
			sourceTree = "<group>";
		};
		02D24A932BE56100008E7DCF /* input */ = {
			isa = PBXGroup;
			children = (
				02D24A582BD84124008E7DCF /* Input.hpp */,
				02D24A552BD84124008E7DCF /* Input.cpp */,
				02D24A942BE5613B008E7DCF /* InputEvents.h */,
			);
			path = input;
			sourceTree = "<group>";
		};
		02D24A962BEAC7A2008E7DCF /* SDL */ = {
			isa = PBXGroup;
			children = (
				02D24A992BEACA21008E7DCF /* SDLWindow.h */,
				02D24A972BEAC7AB008E7DCF /* SDLWindow.cpp */,
				02D24A952BE9513C008E7DCF /* SDLInputKeys.h */,
				020935562C5E61C700D2AA47 /* SDLRender.cpp */,
				020935572C5E61C700D2AA47 /* SDLRender.hpp */,
			);
			path = SDL;
			sourceTree = "<group>";
		};
		02D24A9B2BEBFB24008E7DCF /* engine */ = {
			isa = PBXGroup;
			children = (
				02BE0A3C2D2EA55900FA0AC4 /* ecs */,
				026A84E12D2AC1E2009311A5 /* JsonLoader.cpp */,
				026A84E42D2AC1E2009311A5 /* JsonLoader.hpp */,
				026A84E22D2AC1E2009311A5 /* ResourceManager.cpp */,
				026A84E32D2AC1E2009311A5 /* ResourceManager.hpp */,
				026A84E02D2ABE67009311A5 /* scene */,
				02B584F02C5EC38F00B86454 /* resources */,
				020935512C5E54DA00D2AA47 /* systems */,
				0231CA982C42F111002E3BAC /* render */,
				02D24A562BD84124008E7DCF /* FrameRate.hpp */,
				02D24A572BD84124008E7DCF /* FrameRate.cpp */,
				02D24A8D2BE56001008E7DCF /* window */,
				02D24A932BE56100008E7DCF /* input */,
				02D24A962BEAC7A2008E7DCF /* SDL */,
			);
			path = engine;
			sourceTree = "<group>";
		};
/* End PBXGroup section */

/* Begin PBXNativeTarget section */
		02BFA8EB2BD840970074A6D4 /* EPet */ = {
			isa = PBXNativeTarget;
			buildConfigurationList = 02BFA8FC2BD840980074A6D4 /* Build configuration list for PBXNativeTarget "EPet" */;
			buildPhases = (
				02BFA8E82BD840970074A6D4 /* Sources */,
				02BFA8E92BD840970074A6D4 /* Frameworks */,
				02BFA8EA2BD840970074A6D4 /* Resources */,
				02FBB8FC2C28A98C00DA2ED3 /* Embed Frameworks */,
			);
			buildRules = (
			);
			dependencies = (
			);
			name = EPet;
			productName = EPet;
			productReference = 02BFA8EC2BD840970074A6D4 /* EPet.app */;
			productType = "com.apple.product-type.application";
		};
/* End PBXNativeTarget section */

/* Begin PBXProject section */
		02BFA8E42BD840970074A6D4 /* Project object */ = {
			isa = PBXProject;
			attributes = {
				BuildIndependentTargetsInParallel = 1;
				LastUpgradeCheck = 1420;
				TargetAttributes = {
					02BFA8EB2BD840970074A6D4 = {
						CreatedOnToolsVersion = 14.2;
					};
				};
			};
			buildConfigurationList = 02BFA8E72BD840970074A6D4 /* Build configuration list for PBXProject "EPet" */;
			compatibilityVersion = "Xcode 14.0";
			developmentRegion = en;
			hasScannedForEncodings = 0;
			knownRegions = (
				en,
				Base,
			);
			mainGroup = 02BFA8E32BD840970074A6D4;
			productRefGroup = 02BFA8ED2BD840970074A6D4 /* Products */;
			projectDirPath = "";
			projectRoot = "";
			targets = (
				02BFA8EB2BD840970074A6D4 /* EPet */,
			);
		};
/* End PBXProject section */

/* Begin PBXResourcesBuildPhase section */
		02BFA8EA2BD840970074A6D4 /* Resources */ = {
			isa = PBXResourcesBuildPhase;
			buildActionMask = 2147483647;
			files = (
				02BE0A3B2D2AE73300FA0AC4 /* Assets.xcassets in Resources */,
				02BE0A3A2D2AE71200FA0AC4 /* resources in Resources */,
			);
			runOnlyForDeploymentPostprocessing = 0;
		};
/* End PBXResourcesBuildPhase section */

/* Begin PBXSourcesBuildPhase section */
		02BFA8E82BD840970074A6D4 /* Sources */ = {
			isa = PBXSourcesBuildPhase;
			buildActionMask = 2147483647;
			files = (
				02BE0A402D2EA5A500FA0AC4 /* ISystem.cpp in Sources */,
				02D24A712BD84125008E7DCF /* View.cpp in Sources */,
				02D24A722BD84125008E7DCF /* Game.cpp in Sources */,
				02D24A772BD84125008E7DCF /* Scene.cpp in Sources */,
				02D24A752BD84125008E7DCF /* FrameRate.cpp in Sources */,
				02BE0A442D2EFB9E00FA0AC4 /* SystemFactory.cpp in Sources */,
				0231CA9B2C42F134002E3BAC /* RenderSystem.cpp in Sources */,
				02D24A7E2BD84125008E7DCF /* Timer.cpp in Sources */,
				02D24A7D2BD84125008E7DCF /* SceneManager.cpp in Sources */,
				026A84EA2D2AC369009311A5 /* GetPath.cpp in Sources */,
				026A84E62D2AC1E2009311A5 /* ResourceManager.cpp in Sources */,
				02D24A7C2BD84125008E7DCF /* Schedule.cpp in Sources */,
				02D24A762BD84125008E7DCF /* Pet.cpp in Sources */,
				02D24A742BD84125008E7DCF /* Input.cpp in Sources */,
				026A84E52D2AC1E2009311A5 /* JsonLoader.cpp in Sources */,
				02D24A7B2BD84125008E7DCF /* RequestList.cpp in Sources */,
				02D24A982BEAC801008E7DCF /* SDLWindow.cpp in Sources */,
				020935582C5E61C700D2AA47 /* SDLRender.cpp in Sources */,
				02D24A732BD84125008E7DCF /* main.cpp in Sources */,
			);
			runOnlyForDeploymentPostprocessing = 0;
		};
/* End PBXSourcesBuildPhase section */

/* Begin XCBuildConfiguration section */
		02BFA8FA2BD840980074A6D4 /* Debug */ = {
			isa = XCBuildConfiguration;
			buildSettings = {
				ALWAYS_SEARCH_USER_PATHS = NO;
				CLANG_ANALYZER_NONNULL = YES;
				CLANG_ANALYZER_NUMBER_OBJECT_CONVERSION = YES_AGGRESSIVE;
				CLANG_CXX_LANGUAGE_STANDARD = "gnu++20";
				CLANG_ENABLE_MODULES = YES;
				CLANG_ENABLE_OBJC_ARC = YES;
				CLANG_ENABLE_OBJC_WEAK = YES;
				CLANG_WARN_BLOCK_CAPTURE_AUTORELEASING = YES;
				CLANG_WARN_BOOL_CONVERSION = YES;
				CLANG_WARN_COMMA = YES;
				CLANG_WARN_CONSTANT_CONVERSION = YES;
				CLANG_WARN_DEPRECATED_OBJC_IMPLEMENTATIONS = YES;
				CLANG_WARN_DIRECT_OBJC_ISA_USAGE = YES_ERROR;
				CLANG_WARN_DOCUMENTATION_COMMENTS = YES;
				CLANG_WARN_EMPTY_BODY = YES;
				CLANG_WARN_ENUM_CONVERSION = YES;
				CLANG_WARN_INFINITE_RECURSION = YES;
				CLANG_WARN_INT_CONVERSION = YES;
				CLANG_WARN_NON_LITERAL_NULL_CONVERSION = YES;
				CLANG_WARN_OBJC_IMPLICIT_RETAIN_SELF = YES;
				CLANG_WARN_OBJC_LITERAL_CONVERSION = YES;
				CLANG_WARN_OBJC_ROOT_CLASS = YES_ERROR;
				CLANG_WARN_QUOTED_INCLUDE_IN_FRAMEWORK_HEADER = YES;
				CLANG_WARN_RANGE_LOOP_ANALYSIS = YES;
				CLANG_WARN_STRICT_PROTOTYPES = YES;
				CLANG_WARN_SUSPICIOUS_MOVE = YES;
				CLANG_WARN_UNGUARDED_AVAILABILITY = YES_AGGRESSIVE;
				CLANG_WARN_UNREACHABLE_CODE = YES;
				CLANG_WARN__DUPLICATE_METHOD_MATCH = YES;
				COPY_PHASE_STRIP = NO;
				DEBUG_INFORMATION_FORMAT = dwarf;
				ENABLE_STRICT_OBJC_MSGSEND = YES;
				ENABLE_TESTABILITY = YES;
				GCC_C_LANGUAGE_STANDARD = gnu11;
				GCC_DYNAMIC_NO_PIC = NO;
				GCC_NO_COMMON_BLOCKS = YES;
				GCC_OPTIMIZATION_LEVEL = 0;
				GCC_PREPROCESSOR_DEFINITIONS = (
					"DEBUG=1",
					SDL,
					"$(inherited)",
				);
				GCC_WARN_64_TO_32_BIT_CONVERSION = YES;
				GCC_WARN_ABOUT_RETURN_TYPE = YES_ERROR;
				GCC_WARN_UNDECLARED_SELECTOR = YES;
				GCC_WARN_UNINITIALIZED_AUTOS = YES_AGGRESSIVE;
				GCC_WARN_UNUSED_FUNCTION = YES;
				GCC_WARN_UNUSED_VARIABLE = YES;
				"INFOPLIST_PREPROCESSOR_DEFINITIONS[sdk=*]" = "";
				MACOSX_DEPLOYMENT_TARGET = 12.6;
				MTL_ENABLE_DEBUG_INFO = INCLUDE_SOURCE;
				MTL_FAST_MATH = YES;
				ONLY_ACTIVE_ARCH = YES;
				SDKROOT = macosx;
				_SDL = 1;
				"_SDL[arch=*]" = 1;
			};
			name = Debug;
		};
		02BFA8FB2BD840980074A6D4 /* Release */ = {
			isa = XCBuildConfiguration;
			buildSettings = {
				ALWAYS_SEARCH_USER_PATHS = NO;
				CLANG_ANALYZER_NONNULL = YES;
				CLANG_ANALYZER_NUMBER_OBJECT_CONVERSION = YES_AGGRESSIVE;
				CLANG_CXX_LANGUAGE_STANDARD = "gnu++20";
				CLANG_ENABLE_MODULES = YES;
				CLANG_ENABLE_OBJC_ARC = YES;
				CLANG_ENABLE_OBJC_WEAK = YES;
				CLANG_WARN_BLOCK_CAPTURE_AUTORELEASING = YES;
				CLANG_WARN_BOOL_CONVERSION = YES;
				CLANG_WARN_COMMA = YES;
				CLANG_WARN_CONSTANT_CONVERSION = YES;
				CLANG_WARN_DEPRECATED_OBJC_IMPLEMENTATIONS = YES;
				CLANG_WARN_DIRECT_OBJC_ISA_USAGE = YES_ERROR;
				CLANG_WARN_DOCUMENTATION_COMMENTS = YES;
				CLANG_WARN_EMPTY_BODY = YES;
				CLANG_WARN_ENUM_CONVERSION = YES;
				CLANG_WARN_INFINITE_RECURSION = YES;
				CLANG_WARN_INT_CONVERSION = YES;
				CLANG_WARN_NON_LITERAL_NULL_CONVERSION = YES;
				CLANG_WARN_OBJC_IMPLICIT_RETAIN_SELF = YES;
				CLANG_WARN_OBJC_LITERAL_CONVERSION = YES;
				CLANG_WARN_OBJC_ROOT_CLASS = YES_ERROR;
				CLANG_WARN_QUOTED_INCLUDE_IN_FRAMEWORK_HEADER = YES;
				CLANG_WARN_RANGE_LOOP_ANALYSIS = YES;
				CLANG_WARN_STRICT_PROTOTYPES = YES;
				CLANG_WARN_SUSPICIOUS_MOVE = YES;
				CLANG_WARN_UNGUARDED_AVAILABILITY = YES_AGGRESSIVE;
				CLANG_WARN_UNREACHABLE_CODE = YES;
				CLANG_WARN__DUPLICATE_METHOD_MATCH = YES;
				COPY_PHASE_STRIP = NO;
				DEBUG_INFORMATION_FORMAT = "dwarf-with-dsym";
				ENABLE_NS_ASSERTIONS = NO;
				ENABLE_STRICT_OBJC_MSGSEND = YES;
				GCC_C_LANGUAGE_STANDARD = gnu11;
				GCC_NO_COMMON_BLOCKS = YES;
				GCC_WARN_64_TO_32_BIT_CONVERSION = YES;
				GCC_WARN_ABOUT_RETURN_TYPE = YES_ERROR;
				GCC_WARN_UNDECLARED_SELECTOR = YES;
				GCC_WARN_UNINITIALIZED_AUTOS = YES_AGGRESSIVE;
				GCC_WARN_UNUSED_FUNCTION = YES;
				GCC_WARN_UNUSED_VARIABLE = YES;
				MACOSX_DEPLOYMENT_TARGET = 12.6;
				MTL_ENABLE_DEBUG_INFO = NO;
				MTL_FAST_MATH = YES;
				SDKROOT = macosx;
				_SDL = 1;
			};
			name = Release;
		};
		02BFA8FD2BD840980074A6D4 /* Debug */ = {
			isa = XCBuildConfiguration;
			buildSettings = {
				ASSETCATALOG_COMPILER_APPICON_NAME = AppIcon;
				ASSETCATALOG_COMPILER_GLOBAL_ACCENT_COLOR_NAME = AccentColor;
				CODE_SIGN_ENTITLEMENTS = EPet/EPet.entitlements;
				CODE_SIGN_STYLE = Automatic;
				COMBINE_HIDPI_IMAGES = YES;
				CURRENT_PROJECT_VERSION = 1;
				FRAMEWORK_SEARCH_PATHS = (
					"$(inherited)",
					"$(LOCAL_LIBRARY_DIR)/Frameworks",
				);
				GENERATE_INFOPLIST_FILE = YES;
				INFOPLIST_KEY_NSHumanReadableCopyright = "";
				INFOPLIST_KEY_NSMainNibFile = MainMenu;
				INFOPLIST_KEY_NSPrincipalClass = NSApplication;
				LD_RUNPATH_SEARCH_PATHS = (
					"$(inherited)",
					"@executable_path/../Frameworks",
				);
				MARKETING_VERSION = 1.0;
				PRODUCT_BUNDLE_IDENTIFIER = "marina-porkhunova.EPet";
				PRODUCT_NAME = "$(TARGET_NAME)";
				SWIFT_EMIT_LOC_STRINGS = YES;
				_SDL = 1;
			};
			name = Debug;
		};
		02BFA8FE2BD840980074A6D4 /* Release */ = {
			isa = XCBuildConfiguration;
			buildSettings = {
				ASSETCATALOG_COMPILER_APPICON_NAME = AppIcon;
				ASSETCATALOG_COMPILER_GLOBAL_ACCENT_COLOR_NAME = AccentColor;
				CODE_SIGN_ENTITLEMENTS = EPet/EPet.entitlements;
				CODE_SIGN_STYLE = Automatic;
				COMBINE_HIDPI_IMAGES = YES;
				CURRENT_PROJECT_VERSION = 1;
				FRAMEWORK_SEARCH_PATHS = (
					"$(inherited)",
					"$(LOCAL_LIBRARY_DIR)/Frameworks",
				);
				GENERATE_INFOPLIST_FILE = YES;
				INFOPLIST_KEY_NSHumanReadableCopyright = "";
				INFOPLIST_KEY_NSMainNibFile = MainMenu;
				INFOPLIST_KEY_NSPrincipalClass = NSApplication;
				LD_RUNPATH_SEARCH_PATHS = (
					"$(inherited)",
					"@executable_path/../Frameworks",
				);
				MARKETING_VERSION = 1.0;
				PRODUCT_BUNDLE_IDENTIFIER = "marina-porkhunova.EPet";
				PRODUCT_NAME = "$(TARGET_NAME)";
				SWIFT_EMIT_LOC_STRINGS = YES;
				_SDL = 1;
			};
			name = Release;
		};
/* End XCBuildConfiguration section */

/* Begin XCConfigurationList section */
		02BFA8E72BD840970074A6D4 /* Build configuration list for PBXProject "EPet" */ = {
			isa = XCConfigurationList;
			buildConfigurations = (
				02BFA8FA2BD840980074A6D4 /* Debug */,
				02BFA8FB2BD840980074A6D4 /* Release */,
			);
			defaultConfigurationIsVisible = 0;
			defaultConfigurationName = Release;
		};
		02BFA8FC2BD840980074A6D4 /* Build configuration list for PBXNativeTarget "EPet" */ = {
			isa = XCConfigurationList;
			buildConfigurations = (
				02BFA8FD2BD840980074A6D4 /* Debug */,
				02BFA8FE2BD840980074A6D4 /* Release */,
			);
			defaultConfigurationIsVisible = 0;
			defaultConfigurationName = Release;
		};
/* End XCConfigurationList section */
	};
	rootObject = 02BFA8E42BD840970074A6D4 /* Project object */;
}
