// !$*UTF8*$!
{
	archiveVersion = 1;
	classes = {
	};
	objectVersion = 56;
	objects = {

/* Begin PBXBuildFile section */
		02CC74612B658F34009DC280 /* Input.cpp in Sources */ = {isa = PBXBuildFile; fileRef = 02CC74532B658F34009DC280 /* Input.cpp */; };
		02CC74622B658F34009DC280 /* Timer.cpp in Sources */ = {isa = PBXBuildFile; fileRef = 02CC745A2B658F34009DC280 /* Timer.cpp */; };
		02CC74632B658F34009DC280 /* View.cpp in Sources */ = {isa = PBXBuildFile; fileRef = 02CC745B2B658F34009DC280 /* View.cpp */; };
		02CC74642B658F34009DC280 /* main.cpp in Sources */ = {isa = PBXBuildFile; fileRef = 02CC745F2B658F34009DC280 /* main.cpp */; };
		02CC74652B658F34009DC280 /* Game.cpp in Sources */ = {isa = PBXBuildFile; fileRef = 02CC74602B658F34009DC280 /* Game.cpp */; };
		02CC746D2B658FA7009DC280 /* Pet.cpp in Sources */ = {isa = PBXBuildFile; fileRef = 02CC74672B658FA7009DC280 /* Pet.cpp */; };
		02CC746E2B658FA7009DC280 /* RequestList.cpp in Sources */ = {isa = PBXBuildFile; fileRef = 02CC74682B658FA7009DC280 /* RequestList.cpp */; };
		02CC746F2B658FA7009DC280 /* Schedule.cpp in Sources */ = {isa = PBXBuildFile; fileRef = 02CC74692B658FA7009DC280 /* Schedule.cpp */; };
		02CC74712B659002009DC280 /* FrameRate.cpp in Sources */ = {isa = PBXBuildFile; fileRef = 02CC74702B659002009DC280 /* FrameRate.cpp */; };
		02CCA8E32B8FB6DF00A2F3A8 /* Scene.cpp in Sources */ = {isa = PBXBuildFile; fileRef = 02CCA8E12B8FB6DF00A2F3A8 /* Scene.cpp */; };
		02CCA8E62B8FB88400A2F3A8 /* SceneManager.cpp in Sources */ = {isa = PBXBuildFile; fileRef = 02CCA8E42B8FB88400A2F3A8 /* SceneManager.cpp */; };
/* End PBXBuildFile section */

/* Begin PBXCopyFilesBuildPhase section */
		024F4BB62B151B0400E6064A /* CopyFiles */ = {
			isa = PBXCopyFilesBuildPhase;
			buildActionMask = 2147483647;
			dstPath = /usr/share/man/man1/;
			dstSubfolderSpec = 0;
			files = (
			);
			runOnlyForDeploymentPostprocessing = 1;
		};
/* End PBXCopyFilesBuildPhase section */

/* Begin PBXFileReference section */
		024F4BB82B151B0400E6064A /* EPet */ = {isa = PBXFileReference; explicitFileType = "compiled.mach-o.executable"; includeInIndex = 0; path = EPet; sourceTree = BUILT_PRODUCTS_DIR; };
		02CC74532B658F34009DC280 /* Input.cpp */ = {isa = PBXFileReference; fileEncoding = 4; lastKnownFileType = sourcecode.cpp.cpp; path = Input.cpp; sourceTree = "<group>"; };
		02CC74562B658F34009DC280 /* Subscription.hpp */ = {isa = PBXFileReference; fileEncoding = 4; lastKnownFileType = sourcecode.cpp.h; path = Subscription.hpp; sourceTree = "<group>"; };
		02CC74572B658F34009DC280 /* Singleton.hpp */ = {isa = PBXFileReference; fileEncoding = 4; lastKnownFileType = sourcecode.cpp.h; path = Singleton.hpp; sourceTree = "<group>"; };
		02CC74582B658F34009DC280 /* Game.hpp */ = {isa = PBXFileReference; fileEncoding = 4; lastKnownFileType = sourcecode.cpp.h; path = Game.hpp; sourceTree = "<group>"; };
		02CC74592B658F34009DC280 /* FrameRate.hpp */ = {isa = PBXFileReference; fileEncoding = 4; lastKnownFileType = sourcecode.cpp.h; path = FrameRate.hpp; sourceTree = "<group>"; };
		02CC745A2B658F34009DC280 /* Timer.cpp */ = {isa = PBXFileReference; fileEncoding = 4; lastKnownFileType = sourcecode.cpp.cpp; path = Timer.cpp; sourceTree = "<group>"; };
		02CC745B2B658F34009DC280 /* View.cpp */ = {isa = PBXFileReference; fileEncoding = 4; lastKnownFileType = sourcecode.cpp.cpp; path = View.cpp; sourceTree = "<group>"; };
		02CC745C2B658F34009DC280 /* Timer.hpp */ = {isa = PBXFileReference; fileEncoding = 4; lastKnownFileType = sourcecode.cpp.h; path = Timer.hpp; sourceTree = "<group>"; };
		02CC745D2B658F34009DC280 /* View.hpp */ = {isa = PBXFileReference; fileEncoding = 4; lastKnownFileType = sourcecode.cpp.h; path = View.hpp; sourceTree = "<group>"; };
		02CC745E2B658F34009DC280 /* Input.hpp */ = {isa = PBXFileReference; fileEncoding = 4; lastKnownFileType = sourcecode.cpp.h; path = Input.hpp; sourceTree = "<group>"; };
		02CC745F2B658F34009DC280 /* main.cpp */ = {isa = PBXFileReference; fileEncoding = 4; lastKnownFileType = sourcecode.cpp.cpp; path = main.cpp; sourceTree = "<group>"; };
		02CC74602B658F34009DC280 /* Game.cpp */ = {isa = PBXFileReference; fileEncoding = 4; lastKnownFileType = sourcecode.cpp.cpp; path = Game.cpp; sourceTree = "<group>"; };
		02CC74672B658FA7009DC280 /* Pet.cpp */ = {isa = PBXFileReference; fileEncoding = 4; lastKnownFileType = sourcecode.cpp.cpp; path = Pet.cpp; sourceTree = "<group>"; };
		02CC74682B658FA7009DC280 /* RequestList.cpp */ = {isa = PBXFileReference; fileEncoding = 4; lastKnownFileType = sourcecode.cpp.cpp; path = RequestList.cpp; sourceTree = "<group>"; };
		02CC74692B658FA7009DC280 /* Schedule.cpp */ = {isa = PBXFileReference; fileEncoding = 4; lastKnownFileType = sourcecode.cpp.cpp; path = Schedule.cpp; sourceTree = "<group>"; };
		02CC746A2B658FA7009DC280 /* RequestList.hpp */ = {isa = PBXFileReference; fileEncoding = 4; lastKnownFileType = sourcecode.cpp.h; path = RequestList.hpp; sourceTree = "<group>"; };
		02CC746B2B658FA7009DC280 /* Schedule.hpp */ = {isa = PBXFileReference; fileEncoding = 4; lastKnownFileType = sourcecode.cpp.h; path = Schedule.hpp; sourceTree = "<group>"; };
		02CC746C2B658FA7009DC280 /* Pet.hpp */ = {isa = PBXFileReference; fileEncoding = 4; lastKnownFileType = sourcecode.cpp.h; path = Pet.hpp; sourceTree = "<group>"; };
		02CC74702B659002009DC280 /* FrameRate.cpp */ = {isa = PBXFileReference; fileEncoding = 4; lastKnownFileType = sourcecode.cpp.cpp; path = FrameRate.cpp; sourceTree = "<group>"; };
		02CCA8E12B8FB6DF00A2F3A8 /* Scene.cpp */ = {isa = PBXFileReference; lastKnownFileType = sourcecode.cpp.cpp; path = Scene.cpp; sourceTree = "<group>"; };
		02CCA8E22B8FB6DF00A2F3A8 /* Scene.hpp */ = {isa = PBXFileReference; lastKnownFileType = sourcecode.cpp.h; path = Scene.hpp; sourceTree = "<group>"; };
		02CCA8E42B8FB88400A2F3A8 /* SceneManager.cpp */ = {isa = PBXFileReference; lastKnownFileType = sourcecode.cpp.cpp; path = SceneManager.cpp; sourceTree = "<group>"; };
		02CCA8E52B8FB88400A2F3A8 /* SceneManager.hpp */ = {isa = PBXFileReference; lastKnownFileType = sourcecode.cpp.h; path = SceneManager.hpp; sourceTree = "<group>"; };
/* End PBXFileReference section */

/* Begin PBXFrameworksBuildPhase section */
		024F4BB52B151B0400E6064A /* Frameworks */ = {
			isa = PBXFrameworksBuildPhase;
			buildActionMask = 2147483647;
			files = (
			);
			runOnlyForDeploymentPostprocessing = 0;
		};
/* End PBXFrameworksBuildPhase section */

/* Begin PBXGroup section */
		024F4BAF2B151B0400E6064A = {
			isa = PBXGroup;
			children = (
				02CC74522B658F34009DC280 /* src */,
				024F4BB92B151B0400E6064A /* Products */,
			);
			sourceTree = "<group>";
		};
		024F4BB92B151B0400E6064A /* Products */ = {
			isa = PBXGroup;
			children = (
				024F4BB82B151B0400E6064A /* EPet */,
			);
			name = Products;
			sourceTree = "<group>";
		};
		02CC74522B658F34009DC280 /* src */ = {
			isa = PBXGroup;
			children = (
				02CC74722B659905009DC280 /* system */,
				02CC74552B658F34009DC280 /* patterns */,
				02CC74662B658FA7009DC280 /* core */,
				02CC745D2B658F34009DC280 /* View.hpp */,
				02CC745B2B658F34009DC280 /* View.cpp */,
				02CC745C2B658F34009DC280 /* Timer.hpp */,
				02CC745A2B658F34009DC280 /* Timer.cpp */,
				02CC74582B658F34009DC280 /* Game.hpp */,
				02CC74602B658F34009DC280 /* Game.cpp */,
				02CC745F2B658F34009DC280 /* main.cpp */,
			);
			path = src;
			sourceTree = "<group>";
		};
		02CC74552B658F34009DC280 /* patterns */ = {
			isa = PBXGroup;
			children = (
				02CC74562B658F34009DC280 /* Subscription.hpp */,
				02CC74572B658F34009DC280 /* Singleton.hpp */,
			);
			path = patterns;
			sourceTree = "<group>";
		};
		02CC74662B658FA7009DC280 /* core */ = {
			isa = PBXGroup;
			children = (
				02CC746C2B658FA7009DC280 /* Pet.hpp */,
				02CC74672B658FA7009DC280 /* Pet.cpp */,
				02CC746A2B658FA7009DC280 /* RequestList.hpp */,
				02CC74682B658FA7009DC280 /* RequestList.cpp */,
				02CC746B2B658FA7009DC280 /* Schedule.hpp */,
				02CC74692B658FA7009DC280 /* Schedule.cpp */,
				02CCA8E12B8FB6DF00A2F3A8 /* Scene.cpp */,
				02CCA8E22B8FB6DF00A2F3A8 /* Scene.hpp */,
				02CCA8E42B8FB88400A2F3A8 /* SceneManager.cpp */,
				02CCA8E52B8FB88400A2F3A8 /* SceneManager.hpp */,
			);
			path = core;
			sourceTree = "<group>";
		};
		02CC74722B659905009DC280 /* system */ = {
			isa = PBXGroup;
			children = (
				02CC74592B658F34009DC280 /* FrameRate.hpp */,
				02CC74702B659002009DC280 /* FrameRate.cpp */,
				02CC745E2B658F34009DC280 /* Input.hpp */,
				02CC74532B658F34009DC280 /* Input.cpp */,
			);
			path = system;
			sourceTree = "<group>";
		};
/* End PBXGroup section */

/* Begin PBXNativeTarget section */
		024F4BB72B151B0400E6064A /* EPet */ = {
			isa = PBXNativeTarget;
			buildConfigurationList = 024F4BBF2B151B0400E6064A /* Build configuration list for PBXNativeTarget "EPet" */;
			buildPhases = (
				024F4BB42B151B0400E6064A /* Sources */,
				024F4BB52B151B0400E6064A /* Frameworks */,
				024F4BB62B151B0400E6064A /* CopyFiles */,
			);
			buildRules = (
			);
			dependencies = (
			);
			name = EPet;
			productName = EPet;
			productReference = 024F4BB82B151B0400E6064A /* EPet */;
			productType = "com.apple.product-type.tool";
		};
/* End PBXNativeTarget section */

/* Begin PBXProject section */
		024F4BB02B151B0400E6064A /* Project object */ = {
			isa = PBXProject;
			attributes = {
				BuildIndependentTargetsInParallel = 1;
				LastUpgradeCheck = 1420;
				TargetAttributes = {
					024F4BB72B151B0400E6064A = {
						CreatedOnToolsVersion = 14.2;
					};
				};
			};
			buildConfigurationList = 024F4BB32B151B0400E6064A /* Build configuration list for PBXProject "EPet" */;
			compatibilityVersion = "Xcode 14.0";
			developmentRegion = en;
			hasScannedForEncodings = 0;
			knownRegions = (
				en,
				Base,
			);
			mainGroup = 024F4BAF2B151B0400E6064A;
			productRefGroup = 024F4BB92B151B0400E6064A /* Products */;
			projectDirPath = "";
			projectRoot = "";
			targets = (
				024F4BB72B151B0400E6064A /* EPet */,
			);
		};
/* End PBXProject section */

/* Begin PBXSourcesBuildPhase section */
		024F4BB42B151B0400E6064A /* Sources */ = {
			isa = PBXSourcesBuildPhase;
			buildActionMask = 2147483647;
			files = (
				02CC74632B658F34009DC280 /* View.cpp in Sources */,
				02CC74612B658F34009DC280 /* Input.cpp in Sources */,
				02CC74622B658F34009DC280 /* Timer.cpp in Sources */,
				02CC746D2B658FA7009DC280 /* Pet.cpp in Sources */,
				02CC746E2B658FA7009DC280 /* RequestList.cpp in Sources */,
				02CC746F2B658FA7009DC280 /* Schedule.cpp in Sources */,
				02CC74712B659002009DC280 /* FrameRate.cpp in Sources */,
				02CC74642B658F34009DC280 /* main.cpp in Sources */,
				02CCA8E62B8FB88400A2F3A8 /* SceneManager.cpp in Sources */,
				02CCA8E32B8FB6DF00A2F3A8 /* Scene.cpp in Sources */,
				02CC74652B658F34009DC280 /* Game.cpp in Sources */,
			);
			runOnlyForDeploymentPostprocessing = 0;
		};
/* End PBXSourcesBuildPhase section */

/* Begin XCBuildConfiguration section */
		024F4BBD2B151B0400E6064A /* Debug */ = {
			isa = XCBuildConfiguration;
			buildSettings = {
				ALWAYS_SEARCH_USER_PATHS = NO;
				CLANG_ANALYZER_NONNULL = YES;
				CLANG_ANALYZER_NUMBER_OBJECT_CONVERSION = YES_AGGRESSIVE;
				CLANG_CXX_LANGUAGE_STANDARD = "gnu++20";
				CLANG_ENABLE_MODULES = YES;
				CLANG_ENABLE_OBJC_ARC = YES;
				CLANG_ENABLE_OBJC_WEAK = YES;
				CLANG_WARN_BLOCK_CAPTURE_AUTORELEASING = YES;
				CLANG_WARN_BOOL_CONVERSION = YES;
				CLANG_WARN_COMMA = YES;
				CLANG_WARN_CONSTANT_CONVERSION = YES;
				CLANG_WARN_DEPRECATED_OBJC_IMPLEMENTATIONS = YES;
				CLANG_WARN_DIRECT_OBJC_ISA_USAGE = YES_ERROR;
				CLANG_WARN_DOCUMENTATION_COMMENTS = YES;
				CLANG_WARN_EMPTY_BODY = YES;
				CLANG_WARN_ENUM_CONVERSION = YES;
				CLANG_WARN_INFINITE_RECURSION = YES;
				CLANG_WARN_INT_CONVERSION = YES;
				CLANG_WARN_NON_LITERAL_NULL_CONVERSION = YES;
				CLANG_WARN_OBJC_IMPLICIT_RETAIN_SELF = YES;
				CLANG_WARN_OBJC_LITERAL_CONVERSION = YES;
				CLANG_WARN_OBJC_ROOT_CLASS = YES_ERROR;
				CLANG_WARN_QUOTED_INCLUDE_IN_FRAMEWORK_HEADER = YES;
				CLANG_WARN_RANGE_LOOP_ANALYSIS = YES;
				CLANG_WARN_STRICT_PROTOTYPES = YES;
				CLANG_WARN_SUSPICIOUS_MOVE = YES;
				CLANG_WARN_UNGUARDED_AVAILABILITY = YES_AGGRESSIVE;
				CLANG_WARN_UNREACHABLE_CODE = YES;
				CLANG_WARN__DUPLICATE_METHOD_MATCH = YES;
				COPY_PHASE_STRIP = NO;
				DEBUG_INFORMATION_FORMAT = dwarf;
				ENABLE_STRICT_OBJC_MSGSEND = YES;
				ENABLE_TESTABILITY = YES;
				GCC_C_LANGUAGE_STANDARD = gnu11;
				GCC_DYNAMIC_NO_PIC = NO;
				GCC_NO_COMMON_BLOCKS = YES;
				GCC_OPTIMIZATION_LEVEL = 0;
				GCC_PREPROCESSOR_DEFINITIONS = (
					"DEBUG=1",
					"$(inherited)",
				);
				GCC_WARN_64_TO_32_BIT_CONVERSION = YES;
				GCC_WARN_ABOUT_RETURN_TYPE = YES_ERROR;
				GCC_WARN_UNDECLARED_SELECTOR = YES;
				GCC_WARN_UNINITIALIZED_AUTOS = YES_AGGRESSIVE;
				GCC_WARN_UNUSED_FUNCTION = YES;
				GCC_WARN_UNUSED_VARIABLE = YES;
				MACOSX_DEPLOYMENT_TARGET = 12.6;
				MTL_ENABLE_DEBUG_INFO = INCLUDE_SOURCE;
				MTL_FAST_MATH = YES;
				ONLY_ACTIVE_ARCH = YES;
				SDKROOT = macosx;
			};
			name = Debug;
		};
		024F4BBE2B151B0400E6064A /* Release */ = {
			isa = XCBuildConfiguration;
			buildSettings = {
				ALWAYS_SEARCH_USER_PATHS = NO;
				CLANG_ANALYZER_NONNULL = YES;
				CLANG_ANALYZER_NUMBER_OBJECT_CONVERSION = YES_AGGRESSIVE;
				CLANG_CXX_LANGUAGE_STANDARD = "gnu++20";
				CLANG_ENABLE_MODULES = YES;
				CLANG_ENABLE_OBJC_ARC = YES;
				CLANG_ENABLE_OBJC_WEAK = YES;
				CLANG_WARN_BLOCK_CAPTURE_AUTORELEASING = YES;
				CLANG_WARN_BOOL_CONVERSION = YES;
				CLANG_WARN_COMMA = YES;
				CLANG_WARN_CONSTANT_CONVERSION = YES;
				CLANG_WARN_DEPRECATED_OBJC_IMPLEMENTATIONS = YES;
				CLANG_WARN_DIRECT_OBJC_ISA_USAGE = YES_ERROR;
				CLANG_WARN_DOCUMENTATION_COMMENTS = YES;
				CLANG_WARN_EMPTY_BODY = YES;
				CLANG_WARN_ENUM_CONVERSION = YES;
				CLANG_WARN_INFINITE_RECURSION = YES;
				CLANG_WARN_INT_CONVERSION = YES;
				CLANG_WARN_NON_LITERAL_NULL_CONVERSION = YES;
				CLANG_WARN_OBJC_IMPLICIT_RETAIN_SELF = YES;
				CLANG_WARN_OBJC_LITERAL_CONVERSION = YES;
				CLANG_WARN_OBJC_ROOT_CLASS = YES_ERROR;
				CLANG_WARN_QUOTED_INCLUDE_IN_FRAMEWORK_HEADER = YES;
				CLANG_WARN_RANGE_LOOP_ANALYSIS = YES;
				CLANG_WARN_STRICT_PROTOTYPES = YES;
				CLANG_WARN_SUSPICIOUS_MOVE = YES;
				CLANG_WARN_UNGUARDED_AVAILABILITY = YES_AGGRESSIVE;
				CLANG_WARN_UNREACHABLE_CODE = YES;
				CLANG_WARN__DUPLICATE_METHOD_MATCH = YES;
				COPY_PHASE_STRIP = NO;
				DEBUG_INFORMATION_FORMAT = "dwarf-with-dsym";
				ENABLE_NS_ASSERTIONS = NO;
				ENABLE_STRICT_OBJC_MSGSEND = YES;
				GCC_C_LANGUAGE_STANDARD = gnu11;
				GCC_NO_COMMON_BLOCKS = YES;
				GCC_WARN_64_TO_32_BIT_CONVERSION = YES;
				GCC_WARN_ABOUT_RETURN_TYPE = YES_ERROR;
				GCC_WARN_UNDECLARED_SELECTOR = YES;
				GCC_WARN_UNINITIALIZED_AUTOS = YES_AGGRESSIVE;
				GCC_WARN_UNUSED_FUNCTION = YES;
				GCC_WARN_UNUSED_VARIABLE = YES;
				MACOSX_DEPLOYMENT_TARGET = 12.6;
				MTL_ENABLE_DEBUG_INFO = NO;
				MTL_FAST_MATH = YES;
				SDKROOT = macosx;
			};
			name = Release;
		};
		024F4BC02B151B0400E6064A /* Debug */ = {
			isa = XCBuildConfiguration;
			buildSettings = {
				CODE_SIGN_STYLE = Automatic;
				PRODUCT_NAME = "$(TARGET_NAME)";
			};
			name = Debug;
		};
		024F4BC12B151B0400E6064A /* Release */ = {
			isa = XCBuildConfiguration;
			buildSettings = {
				CODE_SIGN_STYLE = Automatic;
				PRODUCT_NAME = "$(TARGET_NAME)";
			};
			name = Release;
		};
/* End XCBuildConfiguration section */

/* Begin XCConfigurationList section */
		024F4BB32B151B0400E6064A /* Build configuration list for PBXProject "EPet" */ = {
			isa = XCConfigurationList;
			buildConfigurations = (
				024F4BBD2B151B0400E6064A /* Debug */,
				024F4BBE2B151B0400E6064A /* Release */,
			);
			defaultConfigurationIsVisible = 0;
			defaultConfigurationName = Release;
		};
		024F4BBF2B151B0400E6064A /* Build configuration list for PBXNativeTarget "EPet" */ = {
			isa = XCConfigurationList;
			buildConfigurations = (
				024F4BC02B151B0400E6064A /* Debug */,
				024F4BC12B151B0400E6064A /* Release */,
			);
			defaultConfigurationIsVisible = 0;
			defaultConfigurationName = Release;
		};
/* End XCConfigurationList section */
	};
	rootObject = 024F4BB02B151B0400E6064A /* Project object */;
}
